
Microsoft Visual Studio Solution File, Format Version 12.00
# Visual Studio Version 17
VisualStudioVersion = 17.8.34511.84
MinimumVisualStudioVersion = 10.0.40219.1
Project("{FAE04EC0-301F-11D3-BF4B-00C04F79EFBC}") = "Banking", "Banking.csproj", "{D3892553-0F36-4875-9D8A-35664E63C70F}"
EndProject
Global
	GlobalSection(SolutionConfigurationPlatforms) = preSolution
		Debug|Any CPU = Debug|Any CPU
		Release|Any CPU = Release|Any CPU
	EndGlobalSection
	GlobalSection(ProjectConfigurationPlatforms) = postSolution
		{D3892553-0F36-4875-9D8A-35664E63C70F}.Debug|Any CPU.ActiveCfg = Debug|Any CPU
		{D3892553-0F36-4875-9D8A-35664E63C70F}.Debug|Any CPU.Build.0 = Debug|Any CPU
		{D3892553-0F36-4875-9D8A-35664E63C70F}.Release|Any CPU.ActiveCfg = Release|Any CPU
		{D3892553-0F36-4875-9D8A-35664E63C70F}.Release|Any CPU.Build.0 = Release|Any CPU
	EndGlobalSection
	GlobalSection(SolutionProperties) = preSolution
		HideSolutionNode = FALSE
	EndGlobalSection
	GlobalSection(ExtensibilityGlobals) = postSolution
		SolutionGuid = {1876E2CC-FB4E-4FB4-9A24-5C1EE9C75B55}
	EndGlobalSection
EndGlobal
